{
  "requires": true,
  "lockfileVersion": 1,
  "dependencies": {
    "@azurapi/azurapi": {
      "version": "0.2.13",
      "resolved": "https://registry.npmjs.org/@azurapi/azurapi/-/azurapi-0.2.13.tgz",
      "integrity": "sha512-y0qyvhrvBSfYKFRHciZGm9nH5DuY+5AYvD4dwzfxBsRgqH0Dzi+Kd0a0HPeTp3QAx/3XiqDqFzj+6Z82HR3rkA==",
      "requires": {
        "lodash.deburr": "^4.1.0",
        "lodash.isnumber": "^3.0.3",
        "lodash.isstring": "^4.0.1",
        "lodash.keys": "^4.2.0",
        "lodash.map": "^4.6.0",
        "lodash.sortby": "^4.7.0",
        "lodash.toarray": "^4.4.0",
        "lodash.tolower": "^4.1.2",
        "lodash.tonumber": "^4.0.3",
        "node-fetch": "^2.6.0"
      }
    },
    "axios": {
      "version": "0.19.2",
      "resolved": "https://registry.npmjs.org/axios/-/axios-0.19.2.tgz",
      "integrity": "sha512-fjgm5MvRHLhx+osE2xoekY70AhARk3a6hkN+3Io1jc00jtquGvxYlKlsFUhmUET0V5te6CcZI7lcv2Ym61mjHA==",
      "requires": {
        "follow-redirects": "1.5.10"
      }
    },
    "debug": {
      "version": "3.1.0",
      "resolved": "https://registry.npmjs.org/debug/-/debug-3.1.0.tgz",
      "integrity": "sha512-OX8XqP7/1a9cqkxYw2yXss15f26NKWBpDXQd0/uK/KPqdQhxbPa994hnzjcE2VqQpDslf55723cKPUOGSmMY3g==",
      "requires": {
        "ms": "2.0.0"
      }
    },
    "deprecated-decorator": {
      "version": "0.1.6",
      "resolved": "https://registry.npmjs.org/deprecated-decorator/-/deprecated-decorator-0.1.6.tgz",
      "integrity": "sha1-AJZjF7ehL+kvPMgx91g68ym4bDc="
    },
    "follow-redirects": {
      "version": "1.5.10",
      "resolved": "https://registry.npmjs.org/follow-redirects/-/follow-redirects-1.5.10.tgz",
      "integrity": "sha512-0V5l4Cizzvqt5D44aTXbFZz+FtyXV1vrDN6qrelxtfYQKW0KO0W2T/hkE8xvGa/540LkZlkaUjO4ailYTFtHVQ==",
      "requires": {
        "debug": "=3.1.0"
      }
    },
    "lodash.deburr": {
      "version": "4.1.0",
      "resolved": "https://registry.npmjs.org/lodash.deburr/-/lodash.deburr-4.1.0.tgz",
      "integrity": "sha1-3bG7s+8HRYwBd7oH3hRCLLAz/5s="
    },
    "lodash.isnumber": {
      "version": "3.0.3",
      "resolved": "https://registry.npmjs.org/lodash.isnumber/-/lodash.isnumber-3.0.3.tgz",
      "integrity": "sha1-POdoEMWSjQM1IwGsKHMX8RwLH/w="
    },
    "lodash.isstring": {
      "version": "4.0.1",
      "resolved": "https://registry.npmjs.org/lodash.isstring/-/lodash.isstring-4.0.1.tgz",
      "integrity": "sha1-1SfftUVuynzJu5XV2ur4i6VKVFE="
    },
    "lodash.keys": {
      "version": "4.2.0",
      "resolved": "https://registry.npmjs.org/lodash.keys/-/lodash.keys-4.2.0.tgz",
      "integrity": "sha1-oIYCrBLk+4P5H8H7ejYKTZujUgU="
    },
    "lodash.map": {
      "version": "4.6.0",
      "resolved": "https://registry.npmjs.org/lodash.map/-/lodash.map-4.6.0.tgz",
      "integrity": "sha1-dx7Hg540c9nEzeKLGTlMNWL09tM="
    },
    "lodash.sortby": {
      "version": "4.7.0",
      "resolved": "https://registry.npmjs.org/lodash.sortby/-/lodash.sortby-4.7.0.tgz",
      "integrity": "sha1-7dFMgk4sycHgsKG0K7UhBRakJDg="
    },
    "lodash.toarray": {
      "version": "4.4.0",
      "resolved": "https://registry.npmjs.org/lodash.toarray/-/lodash.toarray-4.4.0.tgz",
      "integrity": "sha1-JMS/zWsvuji/0FlNsRedjptlZWE="
    },
    "lodash.tolower": {
      "version": "4.1.2",
      "resolved": "https://registry.npmjs.org/lodash.tolower/-/lodash.tolower-4.1.2.tgz",
      "integrity": "sha1-1tMJrEPu+NROje1mtz2rC+sIBtc="
    },
    "lodash.tonumber": {
      "version": "4.0.3",
      "resolved": "https://registry.npmjs.org/lodash.tonumber/-/lodash.tonumber-4.0.3.tgz",
      "integrity": "sha1-C5azGzVnJ5Prf1pj7nkfG56QJdk="
    },
    "ms": {
      "version": "2.0.0",
      "resolved": "https://registry.npmjs.org/ms/-/ms-2.0.0.tgz",
      "integrity": "sha1-VgiurfwAvmwpAd9fmGF4jeDVl8g="
    },
    "node-fetch": {
      "version": "2.6.1",
      "resolved": "https://registry.npmjs.org/node-fetch/-/node-fetch-2.6.1.tgz",
      "integrity": "sha512-V4aYg89jEoVRxRb2fJdAg8FHvI7cEyYdVAh94HH0UIK8oJxUfkjlDQN9RbMx+bEjP7+ggMiFRprSti032Oipxw=="
    }
  }
}
